
Microsoft Visual Studio Solution File, Format Version 10.00
# Visual Studio 2008
Project("{FAE04EC0-301F-11D3-BF4B-00C04F79EFBC}") = "LeiDaJinorder", "WindowsFormsApplication1\LeiDaJinorder.csproj", "{DF247A16-2A7C-4F8D-A43A-2D4ECCD653CD}"
EndProject
Global
	GlobalSection(SolutionConfigurationPlatforms) = preSolution
		Debug|Any CPU = Debug|Any CPU
		Release|Any CPU = Release|Any CPU
	EndGlobalSection
	GlobalSection(ProjectConfigurationPlatforms) = postSolution
		{DF247A16-2A7C-4F8D-A43A-2D4ECCD653CD}.Debug|Any CPU.ActiveCfg = Debug|Any CPU
		{DF247A16-2A7C-4F8D-A43A-2D4ECCD653CD}.Debug|Any CPU.Build.0 = Debug|Any CPU
		{DF247A16-2A7C-4F8D-A43A-2D4ECCD653CD}.Release|Any CPU.ActiveCfg = Release|Any CPU
		{DF247A16-2A7C-4F8D-A43A-2D4ECCD653CD}.Release|Any CPU.Build.0 = Release|Any CPU
	EndGlobalSection
	GlobalSection(SolutionProperties) = preSolution
		HideSolutionNode = FALSE
	EndGlobalSection
EndGlobal
